
Microsoft Visual Studio Solution File, Format Version 12.00
# Visual Studio Version 17
VisualStudioVersion = 17.8.34212.112
MinimumVisualStudioVersion = 10.0.40219.1
Project("{FAE04EC0-301F-11D3-BF4B-00C04F79EFBC}") = "PapaHaha", "PapaHaha\PapaHaha.csproj", "{1E102D76-24A2-470F-A979-BF4DAD230161}"
EndProject
Global
	GlobalSection(SolutionConfigurationPlatforms) = preSolution
		Debug|Any CPU = Debug|Any CPU
		Release|Any CPU = Release|Any CPU
	EndGlobalSection
	GlobalSection(ProjectConfigurationPlatforms) = postSolution
		{1E102D76-24A2-470F-A979-BF4DAD230161}.Debug|Any CPU.ActiveCfg = Debug|Any CPU
		{1E102D76-24A2-470F-A979-BF4DAD230161}.Debug|Any CPU.Build.0 = Debug|Any CPU
		{1E102D76-24A2-470F-A979-BF4DAD230161}.Debug|Any CPU.Deploy.0 = Debug|Any CPU
		{1E102D76-24A2-470F-A979-BF4DAD230161}.Release|Any CPU.ActiveCfg = Release|Any CPU
		{1E102D76-24A2-470F-A979-BF4DAD230161}.Release|Any CPU.Build.0 = Release|Any CPU
		{1E102D76-24A2-470F-A979-BF4DAD230161}.Release|Any CPU.Deploy.0 = Release|Any CPU
	EndGlobalSection
	GlobalSection(SolutionProperties) = preSolution
		HideSolutionNode = FALSE
	EndGlobalSection
	GlobalSection(ExtensibilityGlobals) = postSolution
		SolutionGuid = {AD36347E-5167-4707-9897-03995FAFC79C}
	EndGlobalSection
EndGlobal
